
Microsoft Visual Studio Solution File, Format Version 12.00
# Visual Studio 15
VisualStudioVersion = 15.0.28010.2003
MinimumVisualStudioVersion = 10.0.40219.1
Project("{FAE04EC0-301F-11D3-BF4B-00C04F79EFBC}") = "UploadFilesServer", "UploadFilesServer\UploadFilesServer.csproj", "{FCD7C536-9519-4509-B00A-E03D86646449}"
EndProject
Global
	GlobalSection(SolutionConfigurationPlatforms) = preSolution
		Debug|Any CPU = Debug|Any CPU
		Release|Any CPU = Release|Any CPU
	EndGlobalSection
	GlobalSection(ProjectConfigurationPlatforms) = postSolution
		{FCD7C536-9519-4509-B00A-E03D86646449}.Debug|Any CPU.ActiveCfg = Debug|Any CPU
		{FCD7C536-9519-4509-B00A-E03D86646449}.Debug|Any CPU.Build.0 = Debug|Any CPU
		{FCD7C536-9519-4509-B00A-E03D86646449}.Release|Any CPU.ActiveCfg = Release|Any CPU
		{FCD7C536-9519-4509-B00A-E03D86646449}.Release|Any CPU.Build.0 = Release|Any CPU
	EndGlobalSection
	GlobalSection(SolutionProperties) = preSolution
		HideSolutionNode = FALSE
	EndGlobalSection
	GlobalSection(ExtensibilityGlobals) = postSolution
		SolutionGuid = {F913BC59-44BE-4B17-97C7-341883D0281E}
	EndGlobalSection
EndGlobal
